<?xml version="1.0" encoding="utf-8"?>
<Project ToolsVersion="4.0" xmlns="http://schemas.microsoft.com/developer/msbuild/2003">
  <ItemGroup>
    <Filter Include="Janus">
      <UniqueIdentifier>{A629710D-123E-99BE-DBBF-3C1E479395EF}</UniqueIdentifier>
    </Filter>
    <Filter Include="Janus\Events">
      <UniqueIdentifier>{CABE8EED-B621-1E92-5FA7-56484BE9E914}</UniqueIdentifier>
    </Filter>
    <Filter Include="Janus\ImGui">
      <UniqueIdentifier>{50C3370F-BC78-B004-456D-AADBB121A708}</UniqueIdentifier>
    </Filter>
    <Filter Include="Platform">
      <UniqueIdentifier>{2AC788B4-1694-E3BF-3FAD-D1672BD9184E}</UniqueIdentifier>
    </Filter>
    <Filter Include="Platform\Windows">
      <UniqueIdentifier>{64FBD71A-50F4-F66C-7926-DCF1657ED678}</UniqueIdentifier>
    </Filter>
  </ItemGroup>
  <ItemGroup>
    <ClInclude Include="src\Janus.h" />
    <ClInclude Include="src\Janus\Application.h">
      <Filter>Janus</Filter>
    </ClInclude>
    <ClInclude Include="src\Janus\Core.h">
      <Filter>Janus</Filter>
    </ClInclude>
    <ClInclude Include="src\Janus\Entrypoint.h">
      <Filter>Janus</Filter>
    </ClInclude>
    <ClInclude Include="src\Janus\Events\ApplicationEvent.h">
      <Filter>Janus\Events</Filter>
    </ClInclude>
    <ClInclude Include="src\Janus\Events\Event.h">
      <Filter>Janus\Events</Filter>
    </ClInclude>
    <ClInclude Include="src\Janus\Events\KeyEvent.h">
      <Filter>Janus\Events</Filter>
    </ClInclude>
    <ClInclude Include="src\Janus\Events\MouseEvent.h">
      <Filter>Janus\Events</Filter>
    </ClInclude>
    <ClInclude Include="src\Janus\ImGui\ImGuiLayer.h">
      <Filter>Janus\ImGui</Filter>
    </ClInclude>
    <ClInclude Include="src\Janus\Input.h">
      <Filter>Janus</Filter>
    </ClInclude>
    <ClInclude Include="src\Janus\KeyCodes.h">
      <Filter>Janus</Filter>
    </ClInclude>
    <ClInclude Include="src\Janus\Layer.h">
      <Filter>Janus</Filter>
    </ClInclude>
    <ClInclude Include="src\Janus\LayerStack.h">
      <Filter>Janus</Filter>
    </ClInclude>
    <ClInclude Include="src\Janus\Log.h">
      <Filter>Janus</Filter>
    </ClInclude>
    <ClInclude Include="src\Janus\MouseButtonCodes.h">
      <Filter>Janus</Filter>
    </ClInclude>
    <ClInclude Include="src\Janus\Window.h">
      <Filter>Janus</Filter>
    </ClInclude>
    <ClInclude Include="src\Platform\Windows\WindowsInput.h">
      <Filter>Platform\Windows</Filter>
    </ClInclude>
    <ClInclude Include="src\Platform\Windows\WindowsWindow.h">
      <Filter>Platform\Windows</Filter>
    </ClInclude>
    <ClInclude Include="src\jnpch.h" />
    <ClInclude Include="src\Janus\Renderer\GraphicsContext.h" />
    <ClInclude Include="src\Platform\OpenGL\OpenGLContext.h" />
    <ClInclude Include="src\Janus\Renderer\Shader.h" />
    <ClInclude Include="src\Janus\Renderer\Buffer.h" />
    <ClInclude Include="src\Platform\OpenGL\OpenGLBuffer.h" />
    <ClInclude Include="src\Janus\Renderer\Renderer.h" />
  </ItemGroup>
  <ItemGroup>
    <ClCompile Include="src\Janus\Application.cpp">
      <Filter>Janus</Filter>
    </ClCompile>
    <ClCompile Include="src\Janus\ImGui\ImGuiBuild.cpp">
      <Filter>Janus\ImGui</Filter>
    </ClCompile>
    <ClCompile Include="src\Janus\ImGui\ImGuiLayer.cpp">
      <Filter>Janus\ImGui</Filter>
    </ClCompile>
    <ClCompile Include="src\Janus\Layer.cpp">
      <Filter>Janus</Filter>
    </ClCompile>
    <ClCompile Include="src\Janus\LayerStack.cpp">
      <Filter>Janus</Filter>
    </ClCompile>
    <ClCompile Include="src\Janus\Log.cpp">
      <Filter>Janus</Filter>
    </ClCompile>
    <ClCompile Include="src\Platform\Windows\WindowsInput.cpp">
      <Filter>Platform\Windows</Filter>
    </ClCompile>
    <ClCompile Include="src\Platform\Windows\WindowsWindow.cpp">
      <Filter>Platform\Windows</Filter>
    </ClCompile>
    <ClCompile Include="src\jnpch.cpp" />
    <ClCompile Include="src\Platform\OpenGL\OpenGLContext.cpp" />
    <ClCompile Include="src\Janus\Renderer\Shader.cpp" />
    <ClCompile Include="src\Janus\Renderer\Buffer.cpp" />
    <ClCompile Include="src\Platform\OpenGL\OpenGLBuffer.cpp" />
    <ClCompile Include="src\Janus\Renderer\Renderer.cpp" />
  </ItemGroup>
</Project>