<?xml version="1.0" encoding="utf-8"?>
<Project ToolsVersion="4.0" xmlns="http://schemas.microsoft.com/developer/msbuild/2003">
  <ItemGroup>
    <Filter Include="Janus">
      <UniqueIdentifier>{A629710D-123E-99BE-DBBF-3C1E479395EF}</UniqueIdentifier>
    </Filter>
    <Filter Include="Janus\Events">
      <UniqueIdentifier>{CABE8EED-B621-1E92-5FA7-56484BE9E914}</UniqueIdentifier>
    </Filter>
  </ItemGroup>
  <ItemGroup>
    <ClInclude Include="src\Janus.h" />
    <ClInclude Include="src\Janus\Application.h">
      <Filter>Janus</Filter>
    </ClInclude>
    <ClInclude Include="src\Janus\Core.h">
      <Filter>Janus</Filter>
    </ClInclude>
    <ClInclude Include="src\Janus\Entrypoint.h">
      <Filter>Janus</Filter>
    </ClInclude>
    <ClInclude Include="src\Janus\Events\Event.h">
      <Filter>Janus\Events</Filter>
    </ClInclude>
    <ClInclude Include="src\Janus\Log.h">
      <Filter>Janus</Filter>
    </ClInclude>
  </ItemGroup>
  <ItemGroup>
    <ClCompile Include="src\Janus\Application.cpp">
      <Filter>Janus</Filter>
    </ClCompile>
    <ClCompile Include="src\Janus\Log.cpp">
      <Filter>Janus</Filter>
    </ClCompile>
  </ItemGroup>
</Project>